{
  "nodes": {
    "disko": {
      "inputs": {
        "nixpkgs": [
          "nixpkgs"
        ]
      },
      "locked": {
        "lastModified": 1724895876,
        "narHash": "sha256-GSqAwa00+vRuHbq9O/yRv7Ov7W/pcMLis3HmeHv8a+Q=",
        "owner": "nix-community",
        "repo": "disko",
        "rev": "511388d837178979de66d14ca4a2ebd5f7991cd3",
        "type": "github"
      },
      "original": {
        "owner": "nix-community",
        "repo": "disko",
        "type": "github"
      }
    },
    "flake-programs-sqlite": {
      "inputs": {
        "nixpkgs": [
          "nixpkgs"
        ],
        "utils": "utils"
      },
      "locked": {
        "lastModified": 1725105869,
        "narHash": "sha256-/phV3Dpn2Fk3Nf1pFbFMbHa3TOuyHnrByY0uxaB5Wbg=",
        "owner": "wamserma",
        "repo": "flake-programs-sqlite",
        "rev": "eecf2a220e8a919098d977746167e66624db4e19",
        "type": "github"
      },
      "original": {
        "owner": "wamserma",
        "repo": "flake-programs-sqlite",
        "type": "github"
      }
    },
    "impermanence": {
      "locked": {
        "lastModified": 1724489415,
        "narHash": "sha256-ey8vhwY/6XCKoh7fyTn3aIQs7WeYSYtLbYEG87VCzX4=",
        "owner": "nix-community",
        "repo": "impermanence",
        "rev": "c7f5b394397398c023000cf843986ee2571a1fd7",
        "type": "github"
      },
      "original": {
        "owner": "nix-community",
        "repo": "impermanence",
        "type": "github"
      }
    },
    "nixpkgs": {
      "locked": {
        "lastModified": 1724819573,
        "narHash": "sha256-GnR7/ibgIH1vhoy8cYdmXE6iyZqKqFxQSVkFgosBh6w=",
        "owner": "NixOS",
        "repo": "nixpkgs",
        "rev": "71e91c409d1e654808b2621f28a327acfdad8dc2",
        "type": "github"
      },
      "original": {
        "id": "nixpkgs",
        "ref": "nixos-unstable",
        "type": "indirect"
      }
    },
    "root": {
      "inputs": {
        "disko": "disko",
        "flake-programs-sqlite": "flake-programs-sqlite",
        "impermanence": "impermanence",
        "nixpkgs": "nixpkgs"
      }
    },
    "utils": {
      "locked": {
        "lastModified": 1678901627,
        "narHash": "sha256-U02riOqrKKzwjsxc/400XnElV+UtPUQWpANPlyazjH0=",
        "owner": "numtide",
        "repo": "flake-utils",
        "rev": "93a2b84fc4b70d9e089d029deacc3583435c2ed6",
        "type": "github"
      },
      "original": {
        "owner": "numtide",
        "repo": "flake-utils",
        "type": "github"
      }
    }
  },
  "root": "root",
  "version": 7
}
